// !$*UTF8*$!
{
	archiveVersion = 1;
	classes = {
	};
	objectVersion = 56;
	objects = {

/* Begin PBXBuildFile section */
		C30CFEEE2C91F03A001E9A8F /* RatingView.swift in Sources */ = {isa = PBXBuildFile; fileRef = C30CFEED2C91F03A001E9A8F /* RatingView.swift */; };
		C30CFEF12C921054001E9A8F /* ImageExtension.swift in Sources */ = {isa = PBXBuildFile; fileRef = C30CFEF02C921054001E9A8F /* ImageExtension.swift */; };
		C34C96A72C8F7E88004CB420 /* HeaderView.swift in Sources */ = {isa = PBXBuildFile; fileRef = C34C96A62C8F7E88004CB420 /* HeaderView.swift */; };
		C34C96A92C8F888A004CB420 /* Exercise.swift in Sources */ = {isa = PBXBuildFile; fileRef = C34C96A82C8F888A004CB420 /* Exercise.swift */; };
		C35D2EAD2C909A3400D2FB7D /* burpee.mp4 in Resources */ = {isa = PBXBuildFile; fileRef = C35D2EA92C909A3300D2FB7D /* burpee.mp4 */; };
		C35D2EAE2C909A3400D2FB7D /* squat.mp4 in Resources */ = {isa = PBXBuildFile; fileRef = C35D2EAA2C909A3300D2FB7D /* squat.mp4 */; };
		C35D2EAF2C909A3400D2FB7D /* step-up.mp4 in Resources */ = {isa = PBXBuildFile; fileRef = C35D2EAB2C909A3400D2FB7D /* step-up.mp4 */; };
		C35D2EB02C909A3400D2FB7D /* sun-salute.mp4 in Resources */ = {isa = PBXBuildFile; fileRef = C35D2EAC2C909A3400D2FB7D /* sun-salute.mp4 */; };
		C35D2EB22C90A2AC00D2FB7D /* VideoPlayerView.swift in Sources */ = {isa = PBXBuildFile; fileRef = C35D2EB12C90A2AC00D2FB7D /* VideoPlayerView.swift */; };
		C392CE1A2C87C14C00DE57A7 /* HIITFitApp.swift in Sources */ = {isa = PBXBuildFile; fileRef = C392CE192C87C14C00DE57A7 /* HIITFitApp.swift */; };
		C392CE1C2C87C14C00DE57A7 /* ContentView.swift in Sources */ = {isa = PBXBuildFile; fileRef = C392CE1B2C87C14C00DE57A7 /* ContentView.swift */; };
		C392CE1E2C87C14D00DE57A7 /* Assets.xcassets in Resources */ = {isa = PBXBuildFile; fileRef = C392CE1D2C87C14D00DE57A7 /* Assets.xcassets */; };
		C392CE212C87C14D00DE57A7 /* Preview Assets.xcassets in Resources */ = {isa = PBXBuildFile; fileRef = C392CE202C87C14D00DE57A7 /* Preview Assets.xcassets */; };
		C392E1612C945700009A84EE /* SuccessView.swift in Sources */ = {isa = PBXBuildFile; fileRef = C392E1602C945700009A84EE /* SuccessView.swift */; };
		C39F57092C8F5DC000CAA7C9 /* WelcomeView.swift in Sources */ = {isa = PBXBuildFile; fileRef = C39F57082C8F5DC000CAA7C9 /* WelcomeView.swift */; };
		C39F570B2C8F5E1100CAA7C9 /* ExerciseView.swift in Sources */ = {isa = PBXBuildFile; fileRef = C39F570A2C8F5E1100CAA7C9 /* ExerciseView.swift */; };
		C3C14FC02C95E9B300389852 /* TimerView.swift in Sources */ = {isa = PBXBuildFile; fileRef = C3C14FBF2C95E9B300389852 /* TimerView.swift */; };
		C3E1E0D52CA07E6B00C5CFAD /* RaisedButtonView.swift in Sources */ = {isa = PBXBuildFile; fileRef = C3E1E0D42CA07E6B00C5CFAD /* RaisedButtonView.swift */; };
		C3F5A9AC2C93254700DA6C95 /* HistoryView.swift in Sources */ = {isa = PBXBuildFile; fileRef = C3F5A9AB2C93254700DA6C95 /* HistoryView.swift */; };
		C3F5A9AE2C9329A300DA6C95 /* DateExtension.swift in Sources */ = {isa = PBXBuildFile; fileRef = C3F5A9AD2C9329A300DA6C95 /* DateExtension.swift */; };
		C3F5A9B02C933E5300DA6C95 /* HistoryStore.swift in Sources */ = {isa = PBXBuildFile; fileRef = C3F5A9AF2C933E5300DA6C95 /* HistoryStore.swift */; };
		C3F5A9B22C93446000DA6C95 /* HistoryStoreDevData.swift in Sources */ = {isa = PBXBuildFile; fileRef = C3F5A9B12C93446000DA6C95 /* HistoryStoreDevData.swift */; };
/* End PBXBuildFile section */

/* Begin PBXFileReference section */
		C30CFEED2C91F03A001E9A8F /* RatingView.swift */ = {isa = PBXFileReference; lastKnownFileType = sourcecode.swift; path = RatingView.swift; sourceTree = "<group>"; };
		C30CFEF02C921054001E9A8F /* ImageExtension.swift */ = {isa = PBXFileReference; lastKnownFileType = sourcecode.swift; path = ImageExtension.swift; sourceTree = "<group>"; };
		C34C96A62C8F7E88004CB420 /* HeaderView.swift */ = {isa = PBXFileReference; lastKnownFileType = sourcecode.swift; path = HeaderView.swift; sourceTree = "<group>"; };
		C34C96A82C8F888A004CB420 /* Exercise.swift */ = {isa = PBXFileReference; lastKnownFileType = sourcecode.swift; path = Exercise.swift; sourceTree = "<group>"; };
		C35D2EA92C909A3300D2FB7D /* burpee.mp4 */ = {isa = PBXFileReference; lastKnownFileType = file; path = burpee.mp4; sourceTree = "<group>"; };
		C35D2EAA2C909A3300D2FB7D /* squat.mp4 */ = {isa = PBXFileReference; lastKnownFileType = file; path = squat.mp4; sourceTree = "<group>"; };
		C35D2EAB2C909A3400D2FB7D /* step-up.mp4 */ = {isa = PBXFileReference; lastKnownFileType = file; path = "step-up.mp4"; sourceTree = "<group>"; };
		C35D2EAC2C909A3400D2FB7D /* sun-salute.mp4 */ = {isa = PBXFileReference; lastKnownFileType = file; path = "sun-salute.mp4"; sourceTree = "<group>"; };
		C35D2EB12C90A2AC00D2FB7D /* VideoPlayerView.swift */ = {isa = PBXFileReference; lastKnownFileType = sourcecode.swift; path = VideoPlayerView.swift; sourceTree = "<group>"; };
		C38D14FC2C8DED1000DC5B90 /* Info.plist */ = {isa = PBXFileReference; lastKnownFileType = text.plist; path = Info.plist; sourceTree = "<group>"; };
		C392CE162C87C14C00DE57A7 /* HIITFit.app */ = {isa = PBXFileReference; explicitFileType = wrapper.application; includeInIndex = 0; path = HIITFit.app; sourceTree = BUILT_PRODUCTS_DIR; };
		C392CE192C87C14C00DE57A7 /* HIITFitApp.swift */ = {isa = PBXFileReference; lastKnownFileType = sourcecode.swift; path = HIITFitApp.swift; sourceTree = "<group>"; };
		C392CE1B2C87C14C00DE57A7 /* ContentView.swift */ = {isa = PBXFileReference; lastKnownFileType = sourcecode.swift; path = ContentView.swift; sourceTree = "<group>"; };
		C392CE1D2C87C14D00DE57A7 /* Assets.xcassets */ = {isa = PBXFileReference; lastKnownFileType = folder.assetcatalog; path = Assets.xcassets; sourceTree = "<group>"; };
		C392CE202C87C14D00DE57A7 /* Preview Assets.xcassets */ = {isa = PBXFileReference; lastKnownFileType = folder.assetcatalog; path = "Preview Assets.xcassets"; sourceTree = "<group>"; };
		C392E1602C945700009A84EE /* SuccessView.swift */ = {isa = PBXFileReference; lastKnownFileType = sourcecode.swift; path = SuccessView.swift; sourceTree = "<group>"; };
		C39F57082C8F5DC000CAA7C9 /* WelcomeView.swift */ = {isa = PBXFileReference; lastKnownFileType = sourcecode.swift; path = WelcomeView.swift; sourceTree = "<group>"; };
		C39F570A2C8F5E1100CAA7C9 /* ExerciseView.swift */ = {isa = PBXFileReference; lastKnownFileType = sourcecode.swift; path = ExerciseView.swift; sourceTree = "<group>"; };
		C3C14FBF2C95E9B300389852 /* TimerView.swift */ = {isa = PBXFileReference; lastKnownFileType = sourcecode.swift; path = TimerView.swift; sourceTree = "<group>"; };
		C3E1E0D42CA07E6B00C5CFAD /* RaisedButtonView.swift */ = {isa = PBXFileReference; lastKnownFileType = sourcecode.swift; path = RaisedButtonView.swift; sourceTree = "<group>"; };
		C3F5A9AB2C93254700DA6C95 /* HistoryView.swift */ = {isa = PBXFileReference; lastKnownFileType = sourcecode.swift; path = HistoryView.swift; sourceTree = "<group>"; };
		C3F5A9AD2C9329A300DA6C95 /* DateExtension.swift */ = {isa = PBXFileReference; lastKnownFileType = sourcecode.swift; path = DateExtension.swift; sourceTree = "<group>"; };
		C3F5A9AF2C933E5300DA6C95 /* HistoryStore.swift */ = {isa = PBXFileReference; lastKnownFileType = sourcecode.swift; path = HistoryStore.swift; sourceTree = "<group>"; };
		C3F5A9B12C93446000DA6C95 /* HistoryStoreDevData.swift */ = {isa = PBXFileReference; lastKnownFileType = sourcecode.swift; path = HistoryStoreDevData.swift; sourceTree = "<group>"; };
/* End PBXFileReference section */

/* Begin PBXFrameworksBuildPhase section */
		C392CE132C87C14C00DE57A7 /* Frameworks */ = {
			isa = PBXFrameworksBuildPhase;
			buildActionMask = 2147483647;
			files = (
			);
			runOnlyForDeploymentPostprocessing = 0;
		};
/* End PBXFrameworksBuildPhase section */

/* Begin PBXGroup section */
		C30CFEEF2C921010001E9A8F /* Extensions */ = {
			isa = PBXGroup;
			children = (
				C30CFEF02C921054001E9A8F /* ImageExtension.swift */,
				C3F5A9AD2C9329A300DA6C95 /* DateExtension.swift */,
			);
			path = Extensions;
			sourceTree = "<group>";
		};
		C34C96AA2C8F88D0004CB420 /* Models */ = {
			isa = PBXGroup;
			children = (
				C34C96A82C8F888A004CB420 /* Exercise.swift */,
				C3F5A9AF2C933E5300DA6C95 /* HistoryStore.swift */,
			);
			path = Models;
			sourceTree = "<group>";
		};
		C35D2EA82C9099C200D2FB7D /* Videos */ = {
			isa = PBXGroup;
			children = (
				C35D2EA92C909A3300D2FB7D /* burpee.mp4 */,
				C35D2EAA2C909A3300D2FB7D /* squat.mp4 */,
				C35D2EAB2C909A3400D2FB7D /* step-up.mp4 */,
				C35D2EAC2C909A3400D2FB7D /* sun-salute.mp4 */,
			);
			path = Videos;
			sourceTree = "<group>";
		};
		C392CE0D2C87C14C00DE57A7 = {
			isa = PBXGroup;
			children = (
				C392CE182C87C14C00DE57A7 /* HIITFit */,
				C392CE172C87C14C00DE57A7 /* Products */,
			);
			sourceTree = "<group>";
		};
		C392CE172C87C14C00DE57A7 /* Products */ = {
			isa = PBXGroup;
			children = (
				C392CE162C87C14C00DE57A7 /* HIITFit.app */,
			);
			name = Products;
			sourceTree = "<group>";
		};
		C392CE182C87C14C00DE57A7 /* HIITFit */ = {
			isa = PBXGroup;
			children = (
				C38D14FC2C8DED1000DC5B90 /* Info.plist */,
				C392CE192C87C14C00DE57A7 /* HIITFitApp.swift */,
				C34C96AA2C8F88D0004CB420 /* Models */,
				C39F57072C8F5D6200CAA7C9 /* Views */,
				C30CFEEF2C921010001E9A8F /* Extensions */,
				C35D2EA82C9099C200D2FB7D /* Videos */,
				C392CE1D2C87C14D00DE57A7 /* Assets.xcassets */,
				C392CE1F2C87C14D00DE57A7 /* Preview Content */,
			);
			path = HIITFit;
			sourceTree = "<group>";
		};
		C392CE1F2C87C14D00DE57A7 /* Preview Content */ = {
			isa = PBXGroup;
			children = (
				C3F5A9B12C93446000DA6C95 /* HistoryStoreDevData.swift */,
				C392CE202C87C14D00DE57A7 /* Preview Assets.xcassets */,
			);
			path = "Preview Content";
			sourceTree = "<group>";
		};
		C39F57072C8F5D6200CAA7C9 /* Views */ = {
			isa = PBXGroup;
			children = (
				C392CE1B2C87C14C00DE57A7 /* ContentView.swift */,
				C39F57082C8F5DC000CAA7C9 /* WelcomeView.swift */,
				C39F570A2C8F5E1100CAA7C9 /* ExerciseView.swift */,
				C34C96A62C8F7E88004CB420 /* HeaderView.swift */,
				C35D2EB12C90A2AC00D2FB7D /* VideoPlayerView.swift */,
				C3C14FBF2C95E9B300389852 /* TimerView.swift */,
				C30CFEED2C91F03A001E9A8F /* RatingView.swift */,
				C3F5A9AB2C93254700DA6C95 /* HistoryView.swift */,
				C392E1602C945700009A84EE /* SuccessView.swift */,
				C3E1E0D42CA07E6B00C5CFAD /* RaisedButtonView.swift */,
			);
			path = Views;
			sourceTree = "<group>";
		};
/* End PBXGroup section */

/* Begin PBXNativeTarget section */
		C392CE152C87C14C00DE57A7 /* HIITFit */ = {
			isa = PBXNativeTarget;
			buildConfigurationList = C392CE242C87C14D00DE57A7 /* Build configuration list for PBXNativeTarget "HIITFit" */;
			buildPhases = (
				C392CE122C87C14C00DE57A7 /* Sources */,
				C392CE132C87C14C00DE57A7 /* Frameworks */,
				C392CE142C87C14C00DE57A7 /* Resources */,
			);
			buildRules = (
			);
			dependencies = (
			);
			name = HIITFit;
			productName = HIITFit;
			productReference = C392CE162C87C14C00DE57A7 /* HIITFit.app */;
			productType = "com.apple.product-type.application";
		};
/* End PBXNativeTarget section */

/* Begin PBXProject section */
		C392CE0E2C87C14C00DE57A7 /* Project object */ = {
			isa = PBXProject;
			attributes = {
				BuildIndependentTargetsInParallel = 1;
				LastSwiftUpdateCheck = 1540;
				LastUpgradeCheck = 1540;
				TargetAttributes = {
					C392CE152C87C14C00DE57A7 = {
						CreatedOnToolsVersion = 15.4;
					};
				};
			};
			buildConfigurationList = C392CE112C87C14C00DE57A7 /* Build configuration list for PBXProject "HIITFit" */;
			compatibilityVersion = "Xcode 14.0";
			developmentRegion = en;
			hasScannedForEncodings = 0;
			knownRegions = (
				en,
				Base,
			);
			mainGroup = C392CE0D2C87C14C00DE57A7;
			productRefGroup = C392CE172C87C14C00DE57A7 /* Products */;
			projectDirPath = "";
			projectRoot = "";
			targets = (
				C392CE152C87C14C00DE57A7 /* HIITFit */,
			);
		};
/* End PBXProject section */

/* Begin PBXResourcesBuildPhase section */
		C392CE142C87C14C00DE57A7 /* Resources */ = {
			isa = PBXResourcesBuildPhase;
			buildActionMask = 2147483647;
			files = (
				C35D2EAF2C909A3400D2FB7D /* step-up.mp4 in Resources */,
				C392CE212C87C14D00DE57A7 /* Preview Assets.xcassets in Resources */,
				C392CE1E2C87C14D00DE57A7 /* Assets.xcassets in Resources */,
				C35D2EAE2C909A3400D2FB7D /* squat.mp4 in Resources */,
				C35D2EB02C909A3400D2FB7D /* sun-salute.mp4 in Resources */,
				C35D2EAD2C909A3400D2FB7D /* burpee.mp4 in Resources */,
			);
			runOnlyForDeploymentPostprocessing = 0;
		};
/* End PBXResourcesBuildPhase section */

/* Begin PBXSourcesBuildPhase section */
		C392CE122C87C14C00DE57A7 /* Sources */ = {
			isa = PBXSourcesBuildPhase;
			buildActionMask = 2147483647;
			files = (
				C3E1E0D52CA07E6B00C5CFAD /* RaisedButtonView.swift in Sources */,
				C3C14FC02C95E9B300389852 /* TimerView.swift in Sources */,
				C34C96A72C8F7E88004CB420 /* HeaderView.swift in Sources */,
				C39F570B2C8F5E1100CAA7C9 /* ExerciseView.swift in Sources */,
				C392CE1C2C87C14C00DE57A7 /* ContentView.swift in Sources */,
				C30CFEEE2C91F03A001E9A8F /* RatingView.swift in Sources */,
				C3F5A9B02C933E5300DA6C95 /* HistoryStore.swift in Sources */,
				C3F5A9B22C93446000DA6C95 /* HistoryStoreDevData.swift in Sources */,
				C392E1612C945700009A84EE /* SuccessView.swift in Sources */,
				C39F57092C8F5DC000CAA7C9 /* WelcomeView.swift in Sources */,
				C392CE1A2C87C14C00DE57A7 /* HIITFitApp.swift in Sources */,
				C3F5A9AE2C9329A300DA6C95 /* DateExtension.swift in Sources */,
				C34C96A92C8F888A004CB420 /* Exercise.swift in Sources */,
				C3F5A9AC2C93254700DA6C95 /* HistoryView.swift in Sources */,
				C30CFEF12C921054001E9A8F /* ImageExtension.swift in Sources */,
				C35D2EB22C90A2AC00D2FB7D /* VideoPlayerView.swift in Sources */,
			);
			runOnlyForDeploymentPostprocessing = 0;
		};
/* End PBXSourcesBuildPhase section */

/* Begin XCBuildConfiguration section */
		C392CE222C87C14D00DE57A7 /* Debug */ = {
			isa = XCBuildConfiguration;
			buildSettings = {
				ALWAYS_SEARCH_USER_PATHS = NO;
				ASSETCATALOG_COMPILER_GENERATE_SWIFT_ASSET_SYMBOL_EXTENSIONS = YES;
				CLANG_ANALYZER_NONNULL = YES;
				CLANG_ANALYZER_NUMBER_OBJECT_CONVERSION = YES_AGGRESSIVE;
				CLANG_CXX_LANGUAGE_STANDARD = "gnu++20";
				CLANG_ENABLE_MODULES = YES;
				CLANG_ENABLE_OBJC_ARC = YES;
				CLANG_ENABLE_OBJC_WEAK = YES;
				CLANG_WARN_BLOCK_CAPTURE_AUTORELEASING = YES;
				CLANG_WARN_BOOL_CONVERSION = YES;
				CLANG_WARN_COMMA = YES;
				CLANG_WARN_CONSTANT_CONVERSION = YES;
				CLANG_WARN_DEPRECATED_OBJC_IMPLEMENTATIONS = YES;
				CLANG_WARN_DIRECT_OBJC_ISA_USAGE = YES_ERROR;
				CLANG_WARN_DOCUMENTATION_COMMENTS = YES;
				CLANG_WARN_EMPTY_BODY = YES;
				CLANG_WARN_ENUM_CONVERSION = YES;
				CLANG_WARN_INFINITE_RECURSION = YES;
				CLANG_WARN_INT_CONVERSION = YES;
				CLANG_WARN_NON_LITERAL_NULL_CONVERSION = YES;
				CLANG_WARN_OBJC_IMPLICIT_RETAIN_SELF = YES;
				CLANG_WARN_OBJC_LITERAL_CONVERSION = YES;
				CLANG_WARN_OBJC_ROOT_CLASS = YES_ERROR;
				CLANG_WARN_QUOTED_INCLUDE_IN_FRAMEWORK_HEADER = YES;
				CLANG_WARN_RANGE_LOOP_ANALYSIS = YES;
				CLANG_WARN_STRICT_PROTOTYPES = YES;
				CLANG_WARN_SUSPICIOUS_MOVE = YES;
				CLANG_WARN_UNGUARDED_AVAILABILITY = YES_AGGRESSIVE;
				CLANG_WARN_UNREACHABLE_CODE = YES;
				CLANG_WARN__DUPLICATE_METHOD_MATCH = YES;
				COPY_PHASE_STRIP = NO;
				DEBUG_INFORMATION_FORMAT = dwarf;
				ENABLE_STRICT_OBJC_MSGSEND = YES;
				ENABLE_TESTABILITY = YES;
				ENABLE_USER_SCRIPT_SANDBOXING = YES;
				GCC_C_LANGUAGE_STANDARD = gnu17;
				GCC_DYNAMIC_NO_PIC = NO;
				GCC_NO_COMMON_BLOCKS = YES;
				GCC_OPTIMIZATION_LEVEL = 0;
				GCC_PREPROCESSOR_DEFINITIONS = (
					"DEBUG=1",
					"$(inherited)",
				);
				GCC_WARN_64_TO_32_BIT_CONVERSION = YES;
				GCC_WARN_ABOUT_RETURN_TYPE = YES_ERROR;
				GCC_WARN_UNDECLARED_SELECTOR = YES;
				GCC_WARN_UNINITIALIZED_AUTOS = YES_AGGRESSIVE;
				GCC_WARN_UNUSED_FUNCTION = YES;
				GCC_WARN_UNUSED_VARIABLE = YES;
				IPHONEOS_DEPLOYMENT_TARGET = 17.5;
				LOCALIZATION_PREFERS_STRING_CATALOGS = YES;
				MTL_ENABLE_DEBUG_INFO = INCLUDE_SOURCE;
				MTL_FAST_MATH = YES;
				ONLY_ACTIVE_ARCH = YES;
				SDKROOT = iphoneos;
				SWIFT_ACTIVE_COMPILATION_CONDITIONS = "DEBUG $(inherited)";
				SWIFT_OPTIMIZATION_LEVEL = "-Onone";
			};
			name = Debug;
		};
		C392CE232C87C14D00DE57A7 /* Release */ = {
			isa = XCBuildConfiguration;
			buildSettings = {
				ALWAYS_SEARCH_USER_PATHS = NO;
				ASSETCATALOG_COMPILER_GENERATE_SWIFT_ASSET_SYMBOL_EXTENSIONS = YES;
				CLANG_ANALYZER_NONNULL = YES;
				CLANG_ANALYZER_NUMBER_OBJECT_CONVERSION = YES_AGGRESSIVE;
				CLANG_CXX_LANGUAGE_STANDARD = "gnu++20";
				CLANG_ENABLE_MODULES = YES;
				CLANG_ENABLE_OBJC_ARC = YES;
				CLANG_ENABLE_OBJC_WEAK = YES;
				CLANG_WARN_BLOCK_CAPTURE_AUTORELEASING = YES;
				CLANG_WARN_BOOL_CONVERSION = YES;
				CLANG_WARN_COMMA = YES;
				CLANG_WARN_CONSTANT_CONVERSION = YES;
				CLANG_WARN_DEPRECATED_OBJC_IMPLEMENTATIONS = YES;
				CLANG_WARN_DIRECT_OBJC_ISA_USAGE = YES_ERROR;
				CLANG_WARN_DOCUMENTATION_COMMENTS = YES;
				CLANG_WARN_EMPTY_BODY = YES;
				CLANG_WARN_ENUM_CONVERSION = YES;
				CLANG_WARN_INFINITE_RECURSION = YES;
				CLANG_WARN_INT_CONVERSION = YES;
				CLANG_WARN_NON_LITERAL_NULL_CONVERSION = YES;
				CLANG_WARN_OBJC_IMPLICIT_RETAIN_SELF = YES;
				CLANG_WARN_OBJC_LITERAL_CONVERSION = YES;
				CLANG_WARN_OBJC_ROOT_CLASS = YES_ERROR;
				CLANG_WARN_QUOTED_INCLUDE_IN_FRAMEWORK_HEADER = YES;
				CLANG_WARN_RANGE_LOOP_ANALYSIS = YES;
				CLANG_WARN_STRICT_PROTOTYPES = YES;
				CLANG_WARN_SUSPICIOUS_MOVE = YES;
				CLANG_WARN_UNGUARDED_AVAILABILITY = YES_AGGRESSIVE;
				CLANG_WARN_UNREACHABLE_CODE = YES;
				CLANG_WARN__DUPLICATE_METHOD_MATCH = YES;
				COPY_PHASE_STRIP = NO;
				DEBUG_INFORMATION_FORMAT = "dwarf-with-dsym";
				ENABLE_NS_ASSERTIONS = NO;
				ENABLE_STRICT_OBJC_MSGSEND = YES;
				ENABLE_USER_SCRIPT_SANDBOXING = YES;
				GCC_C_LANGUAGE_STANDARD = gnu17;
				GCC_NO_COMMON_BLOCKS = YES;
				GCC_WARN_64_TO_32_BIT_CONVERSION = YES;
				GCC_WARN_ABOUT_RETURN_TYPE = YES_ERROR;
				GCC_WARN_UNDECLARED_SELECTOR = YES;
				GCC_WARN_UNINITIALIZED_AUTOS = YES_AGGRESSIVE;
				GCC_WARN_UNUSED_FUNCTION = YES;
				GCC_WARN_UNUSED_VARIABLE = YES;
				IPHONEOS_DEPLOYMENT_TARGET = 17.5;
				LOCALIZATION_PREFERS_STRING_CATALOGS = YES;
				MTL_ENABLE_DEBUG_INFO = NO;
				MTL_FAST_MATH = YES;
				SDKROOT = iphoneos;
				SWIFT_COMPILATION_MODE = wholemodule;
				VALIDATE_PRODUCT = YES;
			};
			name = Release;
		};
		C392CE252C87C14D00DE57A7 /* Debug */ = {
			isa = XCBuildConfiguration;
			buildSettings = {
				ASSETCATALOG_COMPILER_APPICON_NAME = AppIcon;
				ASSETCATALOG_COMPILER_GLOBAL_ACCENT_COLOR_NAME = AccentColor;
				CODE_SIGN_STYLE = Automatic;
				CURRENT_PROJECT_VERSION = 1;
				DEVELOPMENT_ASSET_PATHS = "\"HIITFit/Preview Content\"";
				ENABLE_PREVIEWS = YES;
				GENERATE_INFOPLIST_FILE = YES;
				INFOPLIST_FILE = HIITFit/Info.plist;
				INFOPLIST_KEY_UIApplicationSceneManifest_Generation = YES;
				INFOPLIST_KEY_UIApplicationSupportsIndirectInputEvents = YES;
				INFOPLIST_KEY_UISupportedInterfaceOrientations_iPad = "UIInterfaceOrientationPortrait UIInterfaceOrientationPortraitUpsideDown UIInterfaceOrientationLandscapeLeft UIInterfaceOrientationLandscapeRight";
				INFOPLIST_KEY_UISupportedInterfaceOrientations_iPhone = "UIInterfaceOrientationPortrait UIInterfaceOrientationLandscapeLeft UIInterfaceOrientationLandscapeRight";
				LD_RUNPATH_SEARCH_PATHS = (
					"$(inherited)",
					"@executable_path/Frameworks",
				);
				MARKETING_VERSION = 1.0;
				PRODUCT_BUNDLE_IDENTIFIER = "com.c-a-r-l-x.HIITFit";
				PRODUCT_NAME = "$(TARGET_NAME)";
				SWIFT_EMIT_LOC_STRINGS = YES;
				SWIFT_VERSION = 5.0;
				TARGETED_DEVICE_FAMILY = "1,2";
			};
			name = Debug;
		};
		C392CE262C87C14D00DE57A7 /* Release */ = {
			isa = XCBuildConfiguration;
			buildSettings = {
				ASSETCATALOG_COMPILER_APPICON_NAME = AppIcon;
				ASSETCATALOG_COMPILER_GLOBAL_ACCENT_COLOR_NAME = AccentColor;
				CODE_SIGN_STYLE = Automatic;
				CURRENT_PROJECT_VERSION = 1;
				DEVELOPMENT_ASSET_PATHS = "\"HIITFit/Preview Content\"";
				ENABLE_PREVIEWS = YES;
				GENERATE_INFOPLIST_FILE = YES;
				INFOPLIST_FILE = HIITFit/Info.plist;
				INFOPLIST_KEY_UIApplicationSceneManifest_Generation = YES;
				INFOPLIST_KEY_UIApplicationSupportsIndirectInputEvents = YES;
				INFOPLIST_KEY_UISupportedInterfaceOrientations_iPad = "UIInterfaceOrientationPortrait UIInterfaceOrientationPortraitUpsideDown UIInterfaceOrientationLandscapeLeft UIInterfaceOrientationLandscapeRight";
				INFOPLIST_KEY_UISupportedInterfaceOrientations_iPhone = "UIInterfaceOrientationPortrait UIInterfaceOrientationLandscapeLeft UIInterfaceOrientationLandscapeRight";
				LD_RUNPATH_SEARCH_PATHS = (
					"$(inherited)",
					"@executable_path/Frameworks",
				);
				MARKETING_VERSION = 1.0;
				PRODUCT_BUNDLE_IDENTIFIER = "com.c-a-r-l-x.HIITFit";
				PRODUCT_NAME = "$(TARGET_NAME)";
				SWIFT_EMIT_LOC_STRINGS = YES;
				SWIFT_VERSION = 5.0;
				TARGETED_DEVICE_FAMILY = "1,2";
			};
			name = Release;
		};
/* End XCBuildConfiguration section */

/* Begin XCConfigurationList section */
		C392CE112C87C14C00DE57A7 /* Build configuration list for PBXProject "HIITFit" */ = {
			isa = XCConfigurationList;
			buildConfigurations = (
				C392CE222C87C14D00DE57A7 /* Debug */,
				C392CE232C87C14D00DE57A7 /* Release */,
			);
			defaultConfigurationIsVisible = 0;
			defaultConfigurationName = Release;
		};
		C392CE242C87C14D00DE57A7 /* Build configuration list for PBXNativeTarget "HIITFit" */ = {
			isa = XCConfigurationList;
			buildConfigurations = (
				C392CE252C87C14D00DE57A7 /* Debug */,
				C392CE262C87C14D00DE57A7 /* Release */,
			);
			defaultConfigurationIsVisible = 0;
			defaultConfigurationName = Release;
		};
/* End XCConfigurationList section */
	};
	rootObject = C392CE0E2C87C14C00DE57A7 /* Project object */;
}
